# This file is autogenerated, do not edit; changes may be undone by the next 'dep ensure'.


[[projects]]
  digest = "1:d823cf8863c515f10fe9084d9688e8cf01084fd83dd11bcb67e13162c30b3a4a"
  name = "github.com/rs/zerolog"
  packages = [
    ".",
    "internal/cbor",
    "internal/json",
    "log",
  ]
  pruneopts = "UT"
  revision = "77db4b4f350e31be66a57c332acb7721cf9ff9bb"
  version = "v1.8.0"

[[projects]]
  branch = "master"
  digest = "1:b9b666a56e920eaa59ffea0d25a9b848d7073be13689c4a29d04e4a0f548a031"
  name = "github.com/tarm/serial"
  packages = ["."]
  pruneopts = "UT"
  revision = "eaafced92e9619f03c72527efeab21e326f3bc36"

[[projects]]
  branch = "master"
  digest = "1:4b487c782bc804d994e91adbd3d2a8a77a482671efd87b2fde0805adb01a39c0"
  name = "golang.org/x/sys"
  packages = ["unix"]
  pruneopts = "UT"
  revision = "d99a578cf41bfccdeaf48b0845c823a4b8b0ad5e"

[solve-meta]
  analyzer-name = "dep"
  analyzer-version = 1
  input-imports = [
    "github.com/rs/zerolog",
    "github.com/rs/zerolog/log",
    "github.com/tarm/serial",
  ]
  solver-name = "gps-cdcl"
  solver-version = 1
